
Microsoft Visual Studio Solution File, Format Version 12.00
# Visual Studio Version 17
VisualStudioVersion = 17.1.32228.430
MinimumVisualStudioVersion = 10.0.40219.1
Project("{9A19103F-16F7-4668-BE54-9A1E7A4F7556}") = "CALENDAR_Version_3.0", "CALENDAR_Version_3.0.csproj", "{B2299902-AC2B-42FF-8CBD-AE56D0E227C2}"
EndProject
Project("{9A19103F-16F7-4668-BE54-9A1E7A4F7556}") = "FluentSchedulerTest", "..\FluentSchedulerTest\FluentSchedulerTest.csproj", "{1DC95907-1C8A-499E-AF24-1378D490D16C}"
EndProject
Project("{FAE04EC0-301F-11D3-BF4B-00C04F79EFBC}") = "WebService", "..\WebService\WebService.csproj", "{A911E02F-E529-4A79-ACD9-41BD24C8F86D}"
EndProject
Global
	GlobalSection(SolutionConfigurationPlatforms) = preSolution
		Debug|Any CPU = Debug|Any CPU
		Release|Any CPU = Release|Any CPU
	EndGlobalSection
	GlobalSection(ProjectConfigurationPlatforms) = postSolution
		{B2299902-AC2B-42FF-8CBD-AE56D0E227C2}.Debug|Any CPU.ActiveCfg = Debug|Any CPU
		{B2299902-AC2B-42FF-8CBD-AE56D0E227C2}.Debug|Any CPU.Build.0 = Debug|Any CPU
		{B2299902-AC2B-42FF-8CBD-AE56D0E227C2}.Release|Any CPU.ActiveCfg = Release|Any CPU
		{B2299902-AC2B-42FF-8CBD-AE56D0E227C2}.Release|Any CPU.Build.0 = Release|Any CPU
		{1DC95907-1C8A-499E-AF24-1378D490D16C}.Debug|Any CPU.ActiveCfg = Debug|Any CPU
		{1DC95907-1C8A-499E-AF24-1378D490D16C}.Debug|Any CPU.Build.0 = Debug|Any CPU
		{1DC95907-1C8A-499E-AF24-1378D490D16C}.Release|Any CPU.ActiveCfg = Release|Any CPU
		{1DC95907-1C8A-499E-AF24-1378D490D16C}.Release|Any CPU.Build.0 = Release|Any CPU
		{A911E02F-E529-4A79-ACD9-41BD24C8F86D}.Debug|Any CPU.ActiveCfg = Debug|Any CPU
		{A911E02F-E529-4A79-ACD9-41BD24C8F86D}.Debug|Any CPU.Build.0 = Debug|Any CPU
		{A911E02F-E529-4A79-ACD9-41BD24C8F86D}.Release|Any CPU.ActiveCfg = Release|Any CPU
		{A911E02F-E529-4A79-ACD9-41BD24C8F86D}.Release|Any CPU.Build.0 = Release|Any CPU
	EndGlobalSection
	GlobalSection(SolutionProperties) = preSolution
		HideSolutionNode = FALSE
	EndGlobalSection
	GlobalSection(ExtensibilityGlobals) = postSolution
		SolutionGuid = {45A64227-D0CB-44D9-942D-2D2C45B691D5}
	EndGlobalSection
EndGlobal
